{
  "name": "GIVfi",
  "lockfileVersion": 2,
  "requires": true,
  "packages": {
    "": {
      "dependencies": {
        "solmate": "^6.6.1"
      }
    },
    "node_modules/solmate": {
      "version": "6.6.1",
      "resolved": "https://registry.npmjs.org/solmate/-/solmate-6.6.1.tgz",
      "integrity": "sha512-WHvRXQvGtgR6R9nmkDTz/d+oULMqf/D33rlzQyadTX2SbuTmaW7ToEjGjGtWUVCQwZsZ/JP3vbOEVv7fB50btg=="
    }
  },
  "dependencies": {
    "solmate": {
      "version": "6.6.1",
      "resolved": "https://registry.npmjs.org/solmate/-/solmate-6.6.1.tgz",
      "integrity": "sha512-WHvRXQvGtgR6R9nmkDTz/d+oULMqf/D33rlzQyadTX2SbuTmaW7ToEjGjGtWUVCQwZsZ/JP3vbOEVv7fB50btg=="
    }
  }
}
